
Microsoft Visual Studio Solution File, Format Version 12.00
# Visual Studio Version 16
VisualStudioVersion = 16.0.32126.315
MinimumVisualStudioVersion = 10.0.40219.1
Project("{FAE04EC0-301F-11D3-BF4B-00C04F79EFBC}") = "Task2.15.03.2022", "Task2.15.03.2022\Task2.15.03.2022.csproj", "{FC46FB32-8EB1-419D-96A5-F0FF5031591D}"
EndProject
Global
	GlobalSection(SolutionConfigurationPlatforms) = preSolution
		Debug|Any CPU = Debug|Any CPU
		Release|Any CPU = Release|Any CPU
	EndGlobalSection
	GlobalSection(ProjectConfigurationPlatforms) = postSolution
		{FC46FB32-8EB1-419D-96A5-F0FF5031591D}.Debug|Any CPU.ActiveCfg = Debug|Any CPU
		{FC46FB32-8EB1-419D-96A5-F0FF5031591D}.Debug|Any CPU.Build.0 = Debug|Any CPU
		{FC46FB32-8EB1-419D-96A5-F0FF5031591D}.Release|Any CPU.ActiveCfg = Release|Any CPU
		{FC46FB32-8EB1-419D-96A5-F0FF5031591D}.Release|Any CPU.Build.0 = Release|Any CPU
	EndGlobalSection
	GlobalSection(SolutionProperties) = preSolution
		HideSolutionNode = FALSE
	EndGlobalSection
	GlobalSection(ExtensibilityGlobals) = postSolution
		SolutionGuid = {13C4B478-A776-466F-A3C7-93C6EE3690C1}
	EndGlobalSection
EndGlobal
